
Microsoft Visual Studio Solution File, Format Version 12.00
# Visual Studio Version 16
VisualStudioVersion = 16.0.30523.141
MinimumVisualStudioVersion = 10.0.40219.1
Project("{9A19103F-16F7-4668-BE54-9A1E7A4F7556}") = "MicroFund", "MicroFund\MicroFund.csproj", "{B92AF630-0EE8-40DE-B3EE-FD608661A0BC}"
EndProject
Project("{FAE04EC0-301F-11D3-BF4B-00C04F79EFBC}") = "DataAccessLayer", "DataAccessLayer\DataAccessLayer.csproj", "{C3F5FCDA-A1A8-47F7-9A63-9294BEB076EB}"
EndProject
Global
	GlobalSection(SolutionConfigurationPlatforms) = preSolution
		Debug|Any CPU = Debug|Any CPU
		Release|Any CPU = Release|Any CPU
	EndGlobalSection
	GlobalSection(ProjectConfigurationPlatforms) = postSolution
		{B92AF630-0EE8-40DE-B3EE-FD608661A0BC}.Debug|Any CPU.ActiveCfg = Debug|Any CPU
		{B92AF630-0EE8-40DE-B3EE-FD608661A0BC}.Debug|Any CPU.Build.0 = Debug|Any CPU
		{B92AF630-0EE8-40DE-B3EE-FD608661A0BC}.Release|Any CPU.ActiveCfg = Release|Any CPU
		{B92AF630-0EE8-40DE-B3EE-FD608661A0BC}.Release|Any CPU.Build.0 = Release|Any CPU
		{C3F5FCDA-A1A8-47F7-9A63-9294BEB076EB}.Debug|Any CPU.ActiveCfg = Debug|Any CPU
		{C3F5FCDA-A1A8-47F7-9A63-9294BEB076EB}.Debug|Any CPU.Build.0 = Debug|Any CPU
		{C3F5FCDA-A1A8-47F7-9A63-9294BEB076EB}.Release|Any CPU.ActiveCfg = Release|Any CPU
		{C3F5FCDA-A1A8-47F7-9A63-9294BEB076EB}.Release|Any CPU.Build.0 = Release|Any CPU
	EndGlobalSection
	GlobalSection(SolutionProperties) = preSolution
		HideSolutionNode = FALSE
	EndGlobalSection
	GlobalSection(ExtensibilityGlobals) = postSolution
		SolutionGuid = {CF986E71-51C2-45A8-9596-99EB1E6A09B2}
	EndGlobalSection
EndGlobal
